# This file is automatically @generated by Cargo.
# It is not intended for manual editing.
version = 4

[[package]]
name = "suduko-engine"
version = "0.6.4"
dependencies = [
 "suduko-generator",
 "suduko-grader",
 "suduko-grid",
 "suduko-solver",
 "suduko-techniques",
]

[[package]]
name = "suduko-generator"
version = "0.6.4"
dependencies = [
 "suduko-grid",
 "suduko-solver",
]

[[package]]
name = "suduko-grader"
version = "0.6.4"
dependencies = [
 "suduko-grid",
 "suduko-solver",
 "suduko-techniques",
 "suduko-techniques-advanced",
]

[[package]]
name = "suduko-grid"
version = "0.6.4"

[[package]]
name = "suduko-solver"
version = "0.6.4"
dependencies = [
 "suduko-grid",
]

[[package]]
name = "suduko-techniques"
version = "0.6.4"
dependencies = [
 "suduko-grid",
]

[[package]]
name = "suduko-techniques-advanced"
version = "0.6.4"
dependencies = [
 "suduko-grid",
 "suduko-techniques",
]
